
Microsoft Visual Studio Solution File, Format Version 12.00
# Visual Studio Version 16
VisualStudioVersion = 16.0.29424.173
MinimumVisualStudioVersion = 10.0.40219.1
Project("{FAE04EC0-301F-11D3-BF4B-00C04F79EFBC}") = "ExportPriceFor1C", "WindowsFormsApplication1\ExportPriceFor1C.csproj", "{B1B66025-C8DF-4108-B202-81CF50813586}"
EndProject
Global
	GlobalSection(SolutionConfigurationPlatforms) = preSolution
		Debug|Any CPU = Debug|Any CPU
		Release|Any CPU = Release|Any CPU
	EndGlobalSection
	GlobalSection(ProjectConfigurationPlatforms) = postSolution
		{B1B66025-C8DF-4108-B202-81CF50813586}.Debug|Any CPU.ActiveCfg = Debug|Any CPU
		{B1B66025-C8DF-4108-B202-81CF50813586}.Debug|Any CPU.Build.0 = Debug|Any CPU
		{B1B66025-C8DF-4108-B202-81CF50813586}.Release|Any CPU.ActiveCfg = Release|Any CPU
		{B1B66025-C8DF-4108-B202-81CF50813586}.Release|Any CPU.Build.0 = Release|Any CPU
	EndGlobalSection
	GlobalSection(SolutionProperties) = preSolution
		HideSolutionNode = FALSE
	EndGlobalSection
	GlobalSection(ExtensibilityGlobals) = postSolution
		SolutionGuid = {6C2C0B52-34DC-4E70-AD3B-D5420FFA6B2E}
	EndGlobalSection
EndGlobal
